{
  "version": 4,
  "terraform_version": "1.8.3",
  "serial": 143,
  "lineage": "f4638844-2c20-56fd-db6f-f06f5f856b43",
  "outputs": {
    "containers": {
      "value": {
        "blob": "https://sristracccskhjw.blob.core.windows.net/blob",
        "container": "https://sristracccskhjw.blob.core.windows.net/container",
        "private": "https://sristracccskhjw.blob.core.windows.net/private"
      },
      "type": [
        "object",
        {
          "blob": "string",
          "container": "string",
          "private": "string"
        }
      ]
    },
    "file_shares": {
      "value": {
        "smbfileshare1": "https://sristracccskhjw.file.core.windows.net/smbfileshare1",
        "smbfileshare2": "https://sristracccskhjw.file.core.windows.net/smbfileshare2"
      },
      "type": [
        "object",
        {
          "smbfileshare1": "string",
          "smbfileshare2": "string"
        }
      ]
    },
    "queues": {
      "value": {
        "queue1": "https://sristracccskhjw.queue.core.windows.net/queue1",
        "queue2": "https://sristracccskhjw.queue.core.windows.net/queue2"
      },
      "type": [
        "object",
        {
          "queue1": "string",
          "queue2": "string"
        }
      ]
    },
    "storage_account_id": {
      "value": "/subscriptions/549e90a6-40ca-4c76-8aa8-8f6ea2a287f4/resourceGroups/sri/providers/Microsoft.Storage/storageAccounts/sristracccskhjw",
      "type": "string"
    },
    "storage_account_name": {
      "value": "sristracccskhjw",
      "type": "string"
    },
    "storage_account_primary_blob_endpoint": {
      "value": "https://sristracccskhjw.blob.core.windows.net/",
      "type": "string"
    },
    "storage_account_primary_location": {
      "value": "centralindia",
      "type": "string"
    },
    "storage_account_primary_web_endpoint": {
      "value": "https://sristracccskhjw.z29.web.core.windows.net/",
      "type": "string"
    },
    "storage_account_primary_web_host": {
      "value": "sristracccskhjw.z29.web.core.windows.net",
      "type": "string"
    },
    "storage_primary_access_key": {
      "value": "pjPDhShHlMSvFci175Sqklz3+oXSKmXNq1V7IJNcrjG/h3sU0vqh+vwZN1Kq13nJ9Fa123I+B4Gs+ASts6Z1Kg==",
      "type": "string",
      "sensitive": true
    },
    "storage_primary_connection_string": {
      "value": "DefaultEndpointsProtocol=https;AccountName=sristracccskhjw;AccountKey=pjPDhShHlMSvFci175Sqklz3+oXSKmXNq1V7IJNcrjG/h3sU0vqh+vwZN1Kq13nJ9Fa123I+B4Gs+ASts6Z1Kg==;EndpointSuffix=core.windows.net",
      "type": "string",
      "sensitive": true
    },
    "storage_secondary_access_key": {
      "value": "H6f6SlStHku1DAYMvDM4VEKKpEzl6Mj9zMkyQghVTBjRReW4EdkSsY8He6/78+41XX6ARE0sY6op+AStdd72yA==",
      "type": "string",
      "sensitive": true
    },
    "tables": {
      "value": {
        "table1": "https://sristracccskhjw.table.core.windows.net/Tables('table1')",
        "table2": "https://sristracccskhjw.table.core.windows.net/Tables('table2')",
        "table3": "https://sristracccskhjw.table.core.windows.net/Tables('table3')"
      },
      "type": [
        "object",
        {
          "table1": "string",
          "table2": "string",
          "table3": "string"
        }
      ]
    }
  },
  "resources": [
    {
      "mode": "data",
      "type": "azurerm_resource_group",
      "name": "main",
      "provider": "provider[\"registry.terraform.io/hashicorp/azurerm\"]",
      "instances": [
        {
          "schema_version": 0,
          "attributes": {
            "id": "/subscriptions/549e90a6-40ca-4c76-8aa8-8f6ea2a287f4/resourceGroups/sri",
            "location": "centralindia",
            "managed_by": "",
            "name": "sri",
            "tags": {},
            "timeouts": null
          },
          "sensitive_attributes": []
        }
      ]
    },
    {
      "mode": "managed",
      "type": "azurerm_storage_account",
      "name": "storeacc",
      "provider": "provider[\"registry.terraform.io/hashicorp/azurerm\"]",
      "instances": [
        {
          "schema_version": 4,
          "attributes": {
            "access_tier": "Hot",
            "account_kind": "StorageV2",
            "account_replication_type": "GRS",
            "account_tier": "Standard",
            "allow_nested_items_to_be_public": true,
            "allowed_copy_scope": "",
            "azure_files_authentication": [],
            "blob_properties": [
              {
                "change_feed_enabled": false,
                "change_feed_retention_in_days": 0,
                "container_delete_retention_policy": [],
                "cors_rule": [],
                "default_service_version": "",
                "delete_retention_policy": [],
                "last_access_time_enabled": false,
                "restore_policy": [],
                "versioning_enabled": false
              }
            ],
            "cross_tenant_replication_enabled": true,
            "custom_domain": [],
            "customer_managed_key": [],
            "default_to_oauth_authentication": false,
            "dns_endpoint_type": "Standard",
            "edge_zone": "",
            "enable_https_traffic_only": true,
            "id": "/subscriptions/549e90a6-40ca-4c76-8aa8-8f6ea2a287f4/resourceGroups/sri/providers/Microsoft.Storage/storageAccounts/sristracccskhjw",
            "identity": [
              {
                "identity_ids": [
                  "/subscriptions/549e90a6-40ca-4c76-8aa8-8f6ea2a287f4/resourceGroups/sri/providers/Microsoft.ManagedIdentity/userAssignedIdentities/sri-test-msi"
                ],
                "principal_id": "ec809b8b-a071-406c-93d7-37f2ef47158e",
                "tenant_id": "4fe7c45d-c92c-4263-8b48-3789c3963653",
                "type": "SystemAssigned, UserAssigned"
              }
            ],
            "immutability_policy": [],
            "infrastructure_encryption_enabled": false,
            "is_hns_enabled": false,
            "large_file_share_enabled": null,
            "local_user_enabled": true,
            "location": "centralindia",
            "min_tls_version": "TLS1_2",
            "name": "sristracccskhjw",
            "network_rules": [
              {
                "bypass": [
                  "AzureServices"
                ],
                "default_action": "Allow",
                "ip_rules": [],
                "private_link_access": [],
                "virtual_network_subnet_ids": []
              }
            ],
            "nfsv3_enabled": false,
            "primary_access_key": "pjPDhShHlMSvFci175Sqklz3+oXSKmXNq1V7IJNcrjG/h3sU0vqh+vwZN1Kq13nJ9Fa123I+B4Gs+ASts6Z1Kg==",
            "primary_blob_connection_string": "DefaultEndpointsProtocol=https;BlobEndpoint=https://sristracccskhjw.blob.core.windows.net/;AccountName=sristracccskhjw;AccountKey=pjPDhShHlMSvFci175Sqklz3+oXSKmXNq1V7IJNcrjG/h3sU0vqh+vwZN1Kq13nJ9Fa123I+B4Gs+ASts6Z1Kg==",
            "primary_blob_endpoint": "https://sristracccskhjw.blob.core.windows.net/",
            "primary_blob_host": "sristracccskhjw.blob.core.windows.net",
            "primary_blob_internet_endpoint": "",
            "primary_blob_internet_host": "",
            "primary_blob_microsoft_endpoint": "",
            "primary_blob_microsoft_host": "",
            "primary_connection_string": "DefaultEndpointsProtocol=https;AccountName=sristracccskhjw;AccountKey=pjPDhShHlMSvFci175Sqklz3+oXSKmXNq1V7IJNcrjG/h3sU0vqh+vwZN1Kq13nJ9Fa123I+B4Gs+ASts6Z1Kg==;EndpointSuffix=core.windows.net",
            "primary_dfs_endpoint": "https://sristracccskhjw.dfs.core.windows.net/",
            "primary_dfs_host": "sristracccskhjw.dfs.core.windows.net",
            "primary_dfs_internet_endpoint": "",
            "primary_dfs_internet_host": "",
            "primary_dfs_microsoft_endpoint": "",
            "primary_dfs_microsoft_host": "",
            "primary_file_endpoint": "https://sristracccskhjw.file.core.windows.net/",
            "primary_file_host": "sristracccskhjw.file.core.windows.net",
            "primary_file_internet_endpoint": "",
            "primary_file_internet_host": "",
            "primary_file_microsoft_endpoint": "",
            "primary_file_microsoft_host": "",
            "primary_location": "centralindia",
            "primary_queue_endpoint": "https://sristracccskhjw.queue.core.windows.net/",
            "primary_queue_host": "sristracccskhjw.queue.core.windows.net",
            "primary_queue_microsoft_endpoint": "",
            "primary_queue_microsoft_host": "",
            "primary_table_endpoint": "https://sristracccskhjw.table.core.windows.net/",
            "primary_table_host": "sristracccskhjw.table.core.windows.net",
            "primary_table_microsoft_endpoint": "",
            "primary_table_microsoft_host": "",
            "primary_web_endpoint": "https://sristracccskhjw.z29.web.core.windows.net/",
            "primary_web_host": "sristracccskhjw.z29.web.core.windows.net",
            "primary_web_internet_endpoint": "",
            "primary_web_internet_host": "",
            "primary_web_microsoft_endpoint": "",
            "primary_web_microsoft_host": "",
            "public_network_access_enabled": true,
            "queue_encryption_key_type": "Service",
            "queue_properties": [
              {
                "cors_rule": [],
                "hour_metrics": [
                  {
                    "enabled": true,
                    "include_apis": true,
                    "retention_policy_days": 7,
                    "version": "1.0"
                  }
                ],
                "logging": [
                  {
                    "delete": false,
                    "read": false,
                    "retention_policy_days": 0,
                    "version": "1.0",
                    "write": false
                  }
                ],
                "minute_metrics": [
                  {
                    "enabled": false,
                    "include_apis": false,
                    "retention_policy_days": 0,
                    "version": "1.0"
                  }
                ]
              }
            ],
            "resource_group_name": "sri",
            "routing": [],
            "sas_policy": [],
            "secondary_access_key": "H6f6SlStHku1DAYMvDM4VEKKpEzl6Mj9zMkyQghVTBjRReW4EdkSsY8He6/78+41XX6ARE0sY6op+AStdd72yA==",
            "secondary_blob_connection_string": "",
            "secondary_blob_endpoint": null,
            "secondary_blob_host": null,
            "secondary_blob_internet_endpoint": null,
            "secondary_blob_internet_host": null,
            "secondary_blob_microsoft_endpoint": null,
            "secondary_blob_microsoft_host": null,
            "secondary_connection_string": "DefaultEndpointsProtocol=https;AccountName=sristracccskhjw;AccountKey=H6f6SlStHku1DAYMvDM4VEKKpEzl6Mj9zMkyQghVTBjRReW4EdkSsY8He6/78+41XX6ARE0sY6op+AStdd72yA==;EndpointSuffix=core.windows.net",
            "secondary_dfs_endpoint": null,
            "secondary_dfs_host": null,
            "secondary_dfs_internet_endpoint": null,
            "secondary_dfs_internet_host": null,
            "secondary_dfs_microsoft_endpoint": null,
            "secondary_dfs_microsoft_host": null,
            "secondary_file_endpoint": null,
            "secondary_file_host": null,
            "secondary_file_internet_endpoint": null,
            "secondary_file_internet_host": null,
            "secondary_file_microsoft_endpoint": null,
            "secondary_file_microsoft_host": null,
            "secondary_location": "southindia",
            "secondary_queue_endpoint": null,
            "secondary_queue_host": null,
            "secondary_queue_microsoft_endpoint": null,
            "secondary_queue_microsoft_host": null,
            "secondary_table_endpoint": null,
            "secondary_table_host": null,
            "secondary_table_microsoft_endpoint": null,
            "secondary_table_microsoft_host": null,
            "secondary_web_endpoint": null,
            "secondary_web_host": null,
            "secondary_web_internet_endpoint": null,
            "secondary_web_internet_host": null,
            "secondary_web_microsoft_endpoint": null,
            "secondary_web_microsoft_host": null,
            "sftp_enabled": false,
            "share_properties": [
              {
                "cors_rule": [],
                "retention_policy": [
                  {
                    "days": 7
                  }
                ],
                "smb": []
              }
            ],
            "shared_access_key_enabled": true,
            "static_website": [],
            "table_encryption_key_type": "Service",
            "tags": null,
            "timeouts": null
          },
          "sensitive_attributes": [
            [
              {
                "type": "get_attr",
                "value": "primary_connection_string"
              }
            ],
            [
              {
                "type": "get_attr",
                "value": "secondary_access_key"
              }
            ],
            [
              {
                "type": "get_attr",
                "value": "secondary_blob_connection_string"
              }
            ],
            [
              {
                "type": "get_attr",
                "value": "primary_access_key"
              }
            ],
            [
              {
                "type": "get_attr",
                "value": "primary_blob_connection_string"
              }
            ],
            [
              {
                "type": "get_attr",
                "value": "secondary_connection_string"
              }
            ]
          ],
          "private": "eyJlMmJmYjczMC1lY2FhLTExZTYtOGY4OC0zNDM2M2JjN2M0YzAiOnsiY3JlYXRlIjozNjAwMDAwMDAwMDAwLCJkZWxldGUiOjM2MDAwMDAwMDAwMDAsInJlYWQiOjMwMDAwMDAwMDAwMCwidXBkYXRlIjozNjAwMDAwMDAwMDAwfSwic2NoZW1hX3ZlcnNpb24iOiI0In0=",
          "dependencies": [
            "data.azurerm_resource_group.main",
            "module.user_managed_identity.azurerm_role_assignment.role_asn",
            "module.user_managed_identity.azurerm_user_assigned_identity.mgd_id",
            "module.user_managed_identity.data.azurerm_client_config.current",
            "module.user_managed_identity.data.azurerm_resource_group.main",
            "module.user_managed_identity.data.azurerm_subscription.current",
            "random_string.unique"
          ]
        }
      ]
    },
    {
      "mode": "managed",
      "type": "azurerm_storage_account_network_rules",
      "name": "example",
      "provider": "provider[\"registry.terraform.io/hashicorp/azurerm\"]",
      "instances": [
        {
          "schema_version": 0,
          "attributes": {
            "bypass": [
              "AzureServices"
            ],
            "default_action": "Deny",
            "id": "/subscriptions/549e90a6-40ca-4c76-8aa8-8f6ea2a287f4/resourceGroups/sri/providers/Microsoft.Storage/storageAccounts/sristracccskhjw",
            "ip_rules": [],
            "private_link_access": [],
            "storage_account_id": "/subscriptions/549e90a6-40ca-4c76-8aa8-8f6ea2a287f4/resourceGroups/sri/providers/Microsoft.Storage/storageAccounts/sristracccskhjw",
            "timeouts": null,
            "virtual_network_subnet_ids": []
          },
          "sensitive_attributes": [],
          "private": "eyJlMmJmYjczMC1lY2FhLTExZTYtOGY4OC0zNDM2M2JjN2M0YzAiOnsiY3JlYXRlIjozNjAwMDAwMDAwMDAwLCJkZWxldGUiOjM2MDAwMDAwMDAwMDAsInJlYWQiOjMwMDAwMDAwMDAwMCwidXBkYXRlIjozNjAwMDAwMDAwMDAwfX0=",
          "dependencies": [
            "azurerm_storage_account.storeacc",
            "data.azurerm_resource_group.main",
            "module.user_managed_identity.azurerm_role_assignment.role_asn",
            "module.user_managed_identity.azurerm_user_assigned_identity.mgd_id",
            "module.user_managed_identity.data.azurerm_client_config.current",
            "module.user_managed_identity.data.azurerm_resource_group.main",
            "module.user_managed_identity.data.azurerm_subscription.current",
            "random_string.unique"
          ]
        }
      ]
    },
    {
      "mode": "managed",
      "type": "azurerm_storage_container",
      "name": "container",
      "provider": "provider[\"registry.terraform.io/hashicorp/azurerm\"]",
      "instances": [
        {
          "index_key": 0,
          "schema_version": 1,
          "attributes": {
            "container_access_type": "private",
            "default_encryption_scope": "$account-encryption-key",
            "encryption_scope_override_enabled": true,
            "has_immutability_policy": false,
            "has_legal_hold": false,
            "id": "https://sristracccskhjw.blob.core.windows.net/private",
            "metadata": {},
            "name": "private",
            "resource_manager_id": "/subscriptions/549e90a6-40ca-4c76-8aa8-8f6ea2a287f4/resourceGroups/sri/providers/Microsoft.Storage/storageAccounts/sristracccskhjw/blobServices/default/containers/private",
            "storage_account_name": "sristracccskhjw",
            "timeouts": null
          },
          "sensitive_attributes": [],
          "private": "eyJlMmJmYjczMC1lY2FhLTExZTYtOGY4OC0zNDM2M2JjN2M0YzAiOnsiY3JlYXRlIjoxODAwMDAwMDAwMDAwLCJkZWxldGUiOjE4MDAwMDAwMDAwMDAsInJlYWQiOjMwMDAwMDAwMDAwMCwidXBkYXRlIjoxODAwMDAwMDAwMDAwfSwic2NoZW1hX3ZlcnNpb24iOiIxIn0=",
          "dependencies": [
            "azurerm_storage_account.storeacc",
            "data.azurerm_resource_group.main",
            "module.user_managed_identity.azurerm_role_assignment.role_asn",
            "module.user_managed_identity.azurerm_user_assigned_identity.mgd_id",
            "module.user_managed_identity.data.azurerm_client_config.current",
            "module.user_managed_identity.data.azurerm_resource_group.main",
            "module.user_managed_identity.data.azurerm_subscription.current",
            "random_string.unique"
          ]
        },
        {
          "index_key": 1,
          "schema_version": 1,
          "attributes": {
            "container_access_type": "blob",
            "default_encryption_scope": "$account-encryption-key",
            "encryption_scope_override_enabled": true,
            "has_immutability_policy": false,
            "has_legal_hold": false,
            "id": "https://sristracccskhjw.blob.core.windows.net/blob",
            "metadata": {},
            "name": "blob",
            "resource_manager_id": "/subscriptions/549e90a6-40ca-4c76-8aa8-8f6ea2a287f4/resourceGroups/sri/providers/Microsoft.Storage/storageAccounts/sristracccskhjw/blobServices/default/containers/blob",
            "storage_account_name": "sristracccskhjw",
            "timeouts": null
          },
          "sensitive_attributes": [],
          "private": "eyJlMmJmYjczMC1lY2FhLTExZTYtOGY4OC0zNDM2M2JjN2M0YzAiOnsiY3JlYXRlIjoxODAwMDAwMDAwMDAwLCJkZWxldGUiOjE4MDAwMDAwMDAwMDAsInJlYWQiOjMwMDAwMDAwMDAwMCwidXBkYXRlIjoxODAwMDAwMDAwMDAwfSwic2NoZW1hX3ZlcnNpb24iOiIxIn0=",
          "dependencies": [
            "azurerm_storage_account.storeacc",
            "data.azurerm_resource_group.main",
            "module.user_managed_identity.azurerm_role_assignment.role_asn",
            "module.user_managed_identity.azurerm_user_assigned_identity.mgd_id",
            "module.user_managed_identity.data.azurerm_client_config.current",
            "module.user_managed_identity.data.azurerm_resource_group.main",
            "module.user_managed_identity.data.azurerm_subscription.current",
            "random_string.unique"
          ]
        },
        {
          "index_key": 2,
          "schema_version": 1,
          "attributes": {
            "container_access_type": "container",
            "default_encryption_scope": "$account-encryption-key",
            "encryption_scope_override_enabled": true,
            "has_immutability_policy": false,
            "has_legal_hold": false,
            "id": "https://sristracccskhjw.blob.core.windows.net/container",
            "metadata": {},
            "name": "container",
            "resource_manager_id": "/subscriptions/549e90a6-40ca-4c76-8aa8-8f6ea2a287f4/resourceGroups/sri/providers/Microsoft.Storage/storageAccounts/sristracccskhjw/blobServices/default/containers/container",
            "storage_account_name": "sristracccskhjw",
            "timeouts": null
          },
          "sensitive_attributes": [],
          "private": "eyJlMmJmYjczMC1lY2FhLTExZTYtOGY4OC0zNDM2M2JjN2M0YzAiOnsiY3JlYXRlIjoxODAwMDAwMDAwMDAwLCJkZWxldGUiOjE4MDAwMDAwMDAwMDAsInJlYWQiOjMwMDAwMDAwMDAwMCwidXBkYXRlIjoxODAwMDAwMDAwMDAwfSwic2NoZW1hX3ZlcnNpb24iOiIxIn0=",
          "dependencies": [
            "azurerm_storage_account.storeacc",
            "data.azurerm_resource_group.main",
            "module.user_managed_identity.azurerm_role_assignment.role_asn",
            "module.user_managed_identity.azurerm_user_assigned_identity.mgd_id",
            "module.user_managed_identity.data.azurerm_client_config.current",
            "module.user_managed_identity.data.azurerm_resource_group.main",
            "module.user_managed_identity.data.azurerm_subscription.current",
            "random_string.unique"
          ]
        }
      ]
    },
    {
      "mode": "managed",
      "type": "azurerm_storage_management_policy",
      "name": "lcpolicy",
      "provider": "provider[\"registry.terraform.io/hashicorp/azurerm\"]",
      "instances": [
        {
          "index_key": 0,
          "schema_version": 0,
          "attributes": {
            "id": "/subscriptions/549e90a6-40ca-4c76-8aa8-8f6ea2a287f4/resourceGroups/sri/providers/Microsoft.Storage/storageAccounts/sristracccskhjw/managementPolicies/default",
            "rule": [
              {
                "actions": [
                  {
                    "base_blob": [
                      {
                        "auto_tier_to_hot_from_cool_enabled": false,
                        "delete_after_days_since_creation_greater_than": -1,
                        "delete_after_days_since_last_access_time_greater_than": -1,
                        "delete_after_days_since_modification_greater_than": 100,
                        "tier_to_archive_after_days_since_creation_greater_than": -1,
                        "tier_to_archive_after_days_since_last_access_time_greater_than": -1,
                        "tier_to_archive_after_days_since_last_tier_change_greater_than": -1,
                        "tier_to_archive_after_days_since_modification_greater_than": 50,
                        "tier_to_cold_after_days_since_creation_greater_than": -1,
                        "tier_to_cold_after_days_since_last_access_time_greater_than": -1,
                        "tier_to_cold_after_days_since_modification_greater_than": -1,
                        "tier_to_cool_after_days_since_creation_greater_than": -1,
                        "tier_to_cool_after_days_since_last_access_time_greater_than": -1,
                        "tier_to_cool_after_days_since_modification_greater_than": 0
                      }
                    ],
                    "snapshot": [
                      {
                        "change_tier_to_archive_after_days_since_creation": -1,
                        "change_tier_to_cool_after_days_since_creation": -1,
                        "delete_after_days_since_creation_greater_than": 30,
                        "tier_to_archive_after_days_since_last_tier_change_greater_than": -1,
                        "tier_to_cold_after_days_since_creation_greater_than": -1
                      }
                    ],
                    "version": []
                  }
                ],
                "enabled": true,
                "filters": [
                  {
                    "blob_types": [
                      "blockBlob"
                    ],
                    "match_blob_index_tag": [],
                    "prefix_match": [
                      "container"
                    ]
                  }
                ],
                "name": "rule0"
              },
              {
                "actions": [
                  {
                    "base_blob": [
                      {
                        "auto_tier_to_hot_from_cool_enabled": false,
                        "delete_after_days_since_creation_greater_than": -1,
                        "delete_after_days_since_last_access_time_greater_than": -1,
                        "delete_after_days_since_modification_greater_than": 75,
                        "tier_to_archive_after_days_since_creation_greater_than": -1,
                        "tier_to_archive_after_days_since_last_access_time_greater_than": -1,
                        "tier_to_archive_after_days_since_last_tier_change_greater_than": -1,
                        "tier_to_archive_after_days_since_modification_greater_than": 30,
                        "tier_to_cold_after_days_since_creation_greater_than": -1,
                        "tier_to_cold_after_days_since_last_access_time_greater_than": -1,
                        "tier_to_cold_after_days_since_modification_greater_than": -1,
                        "tier_to_cool_after_days_since_creation_greater_than": -1,
                        "tier_to_cool_after_days_since_last_access_time_greater_than": -1,
                        "tier_to_cool_after_days_since_modification_greater_than": 0
                      }
                    ],
                    "snapshot": [
                      {
                        "change_tier_to_archive_after_days_since_creation": -1,
                        "change_tier_to_cool_after_days_since_creation": -1,
                        "delete_after_days_since_creation_greater_than": 30,
                        "tier_to_archive_after_days_since_last_tier_change_greater_than": -1,
                        "tier_to_cold_after_days_since_creation_greater_than": -1
                      }
                    ],
                    "version": []
                  }
                ],
                "enabled": true,
                "filters": [
                  {
                    "blob_types": [
                      "blockBlob"
                    ],
                    "match_blob_index_tag": [],
                    "prefix_match": [
                      "blob"
                    ]
                  }
                ],
                "name": "rule1"
              }
            ],
            "storage_account_id": "/subscriptions/549e90a6-40ca-4c76-8aa8-8f6ea2a287f4/resourceGroups/sri/providers/Microsoft.Storage/storageAccounts/sristracccskhjw",
            "timeouts": null
          },
          "sensitive_attributes": [],
          "private": "eyJlMmJmYjczMC1lY2FhLTExZTYtOGY4OC0zNDM2M2JjN2M0YzAiOnsiY3JlYXRlIjoxODAwMDAwMDAwMDAwLCJkZWxldGUiOjE4MDAwMDAwMDAwMDAsInJlYWQiOjMwMDAwMDAwMDAwMCwidXBkYXRlIjoxODAwMDAwMDAwMDAwfX0=",
          "dependencies": [
            "azurerm_storage_account.storeacc",
            "data.azurerm_resource_group.main",
            "module.user_managed_identity.azurerm_role_assignment.role_asn",
            "module.user_managed_identity.azurerm_user_assigned_identity.mgd_id",
            "module.user_managed_identity.data.azurerm_client_config.current",
            "module.user_managed_identity.data.azurerm_resource_group.main",
            "module.user_managed_identity.data.azurerm_subscription.current",
            "random_string.unique"
          ]
        }
      ]
    },
    {
      "mode": "managed",
      "type": "azurerm_storage_queue",
      "name": "queues",
      "provider": "provider[\"registry.terraform.io/hashicorp/azurerm\"]",
      "instances": [
        {
          "index_key": 0,
          "schema_version": 1,
          "attributes": {
            "id": "https://sristracccskhjw.queue.core.windows.net/queue1",
            "metadata": null,
            "name": "queue1",
            "resource_manager_id": "/subscriptions/549e90a6-40ca-4c76-8aa8-8f6ea2a287f4/resourceGroups/sri/providers/Microsoft.Storage/storageAccounts/sristracccskhjw/queueServices/default/queues/queue1",
            "storage_account_name": "sristracccskhjw",
            "timeouts": null
          },
          "sensitive_attributes": [],
          "private": "eyJlMmJmYjczMC1lY2FhLTExZTYtOGY4OC0zNDM2M2JjN2M0YzAiOnsiY3JlYXRlIjoxODAwMDAwMDAwMDAwLCJkZWxldGUiOjE4MDAwMDAwMDAwMDAsInJlYWQiOjMwMDAwMDAwMDAwMCwidXBkYXRlIjoxODAwMDAwMDAwMDAwfSwic2NoZW1hX3ZlcnNpb24iOiIxIn0=",
          "dependencies": [
            "azurerm_storage_account.storeacc",
            "data.azurerm_resource_group.main",
            "module.user_managed_identity.azurerm_role_assignment.role_asn",
            "module.user_managed_identity.azurerm_user_assigned_identity.mgd_id",
            "module.user_managed_identity.data.azurerm_client_config.current",
            "module.user_managed_identity.data.azurerm_resource_group.main",
            "module.user_managed_identity.data.azurerm_subscription.current",
            "random_string.unique"
          ]
        },
        {
          "index_key": 1,
          "schema_version": 1,
          "attributes": {
            "id": "https://sristracccskhjw.queue.core.windows.net/queue2",
            "metadata": null,
            "name": "queue2",
            "resource_manager_id": "/subscriptions/549e90a6-40ca-4c76-8aa8-8f6ea2a287f4/resourceGroups/sri/providers/Microsoft.Storage/storageAccounts/sristracccskhjw/queueServices/default/queues/queue2",
            "storage_account_name": "sristracccskhjw",
            "timeouts": null
          },
          "sensitive_attributes": [],
          "private": "eyJlMmJmYjczMC1lY2FhLTExZTYtOGY4OC0zNDM2M2JjN2M0YzAiOnsiY3JlYXRlIjoxODAwMDAwMDAwMDAwLCJkZWxldGUiOjE4MDAwMDAwMDAwMDAsInJlYWQiOjMwMDAwMDAwMDAwMCwidXBkYXRlIjoxODAwMDAwMDAwMDAwfSwic2NoZW1hX3ZlcnNpb24iOiIxIn0=",
          "dependencies": [
            "azurerm_storage_account.storeacc",
            "data.azurerm_resource_group.main",
            "module.user_managed_identity.azurerm_role_assignment.role_asn",
            "module.user_managed_identity.azurerm_user_assigned_identity.mgd_id",
            "module.user_managed_identity.data.azurerm_client_config.current",
            "module.user_managed_identity.data.azurerm_resource_group.main",
            "module.user_managed_identity.data.azurerm_subscription.current",
            "random_string.unique"
          ]
        }
      ]
    },
    {
      "mode": "managed",
      "type": "azurerm_storage_share",
      "name": "fileshare",
      "provider": "provider[\"registry.terraform.io/hashicorp/azurerm\"]",
      "instances": [
        {
          "index_key": 0,
          "schema_version": 2,
          "attributes": {
            "access_tier": "TransactionOptimized",
            "acl": [],
            "enabled_protocol": "SMB",
            "id": "https://sristracccskhjw.file.core.windows.net/smbfileshare1",
            "metadata": {},
            "name": "smbfileshare1",
            "quota": 50,
            "resource_manager_id": "/subscriptions/549e90a6-40ca-4c76-8aa8-8f6ea2a287f4/resourceGroups/sri/providers/Microsoft.Storage/storageAccounts/sristracccskhjw/fileServices/default/fileshares/smbfileshare1",
            "storage_account_name": "sristracccskhjw",
            "timeouts": null,
            "url": "https://sristracccskhjw.file.core.windows.net/smbfileshare1"
          },
          "sensitive_attributes": [],
          "private": "eyJlMmJmYjczMC1lY2FhLTExZTYtOGY4OC0zNDM2M2JjN2M0YzAiOnsiY3JlYXRlIjoxODAwMDAwMDAwMDAwLCJkZWxldGUiOjE4MDAwMDAwMDAwMDAsInJlYWQiOjMwMDAwMDAwMDAwMCwidXBkYXRlIjoxODAwMDAwMDAwMDAwfSwic2NoZW1hX3ZlcnNpb24iOiIyIn0=",
          "dependencies": [
            "azurerm_storage_account.storeacc",
            "data.azurerm_resource_group.main",
            "module.user_managed_identity.azurerm_role_assignment.role_asn",
            "module.user_managed_identity.azurerm_user_assigned_identity.mgd_id",
            "module.user_managed_identity.data.azurerm_client_config.current",
            "module.user_managed_identity.data.azurerm_resource_group.main",
            "module.user_managed_identity.data.azurerm_subscription.current",
            "random_string.unique"
          ]
        },
        {
          "index_key": 1,
          "schema_version": 2,
          "attributes": {
            "access_tier": "TransactionOptimized",
            "acl": [],
            "enabled_protocol": "SMB",
            "id": "https://sristracccskhjw.file.core.windows.net/smbfileshare2",
            "metadata": {},
            "name": "smbfileshare2",
            "quota": 50,
            "resource_manager_id": "/subscriptions/549e90a6-40ca-4c76-8aa8-8f6ea2a287f4/resourceGroups/sri/providers/Microsoft.Storage/storageAccounts/sristracccskhjw/fileServices/default/fileshares/smbfileshare2",
            "storage_account_name": "sristracccskhjw",
            "timeouts": null,
            "url": "https://sristracccskhjw.file.core.windows.net/smbfileshare2"
          },
          "sensitive_attributes": [],
          "private": "eyJlMmJmYjczMC1lY2FhLTExZTYtOGY4OC0zNDM2M2JjN2M0YzAiOnsiY3JlYXRlIjoxODAwMDAwMDAwMDAwLCJkZWxldGUiOjE4MDAwMDAwMDAwMDAsInJlYWQiOjMwMDAwMDAwMDAwMCwidXBkYXRlIjoxODAwMDAwMDAwMDAwfSwic2NoZW1hX3ZlcnNpb24iOiIyIn0=",
          "dependencies": [
            "azurerm_storage_account.storeacc",
            "data.azurerm_resource_group.main",
            "module.user_managed_identity.azurerm_role_assignment.role_asn",
            "module.user_managed_identity.azurerm_user_assigned_identity.mgd_id",
            "module.user_managed_identity.data.azurerm_client_config.current",
            "module.user_managed_identity.data.azurerm_resource_group.main",
            "module.user_managed_identity.data.azurerm_subscription.current",
            "random_string.unique"
          ]
        }
      ]
    },
    {
      "mode": "managed",
      "type": "azurerm_storage_table",
      "name": "tables",
      "provider": "provider[\"registry.terraform.io/hashicorp/azurerm\"]",
      "instances": [
        {
          "index_key": 0,
          "schema_version": 2,
          "attributes": {
            "acl": [],
            "id": "https://sristracccskhjw.table.core.windows.net/Tables('table1')",
            "name": "table1",
            "storage_account_name": "sristracccskhjw",
            "timeouts": null
          },
          "sensitive_attributes": [],
          "private": "eyJlMmJmYjczMC1lY2FhLTExZTYtOGY4OC0zNDM2M2JjN2M0YzAiOnsiY3JlYXRlIjoxODAwMDAwMDAwMDAwLCJkZWxldGUiOjE4MDAwMDAwMDAwMDAsInJlYWQiOjMwMDAwMDAwMDAwMCwidXBkYXRlIjoxODAwMDAwMDAwMDAwfSwic2NoZW1hX3ZlcnNpb24iOiIyIn0=",
          "dependencies": [
            "azurerm_storage_account.storeacc",
            "data.azurerm_resource_group.main",
            "module.user_managed_identity.azurerm_role_assignment.role_asn",
            "module.user_managed_identity.azurerm_user_assigned_identity.mgd_id",
            "module.user_managed_identity.data.azurerm_client_config.current",
            "module.user_managed_identity.data.azurerm_resource_group.main",
            "module.user_managed_identity.data.azurerm_subscription.current",
            "random_string.unique"
          ]
        },
        {
          "index_key": 1,
          "schema_version": 2,
          "attributes": {
            "acl": [],
            "id": "https://sristracccskhjw.table.core.windows.net/Tables('table2')",
            "name": "table2",
            "storage_account_name": "sristracccskhjw",
            "timeouts": null
          },
          "sensitive_attributes": [],
          "private": "eyJlMmJmYjczMC1lY2FhLTExZTYtOGY4OC0zNDM2M2JjN2M0YzAiOnsiY3JlYXRlIjoxODAwMDAwMDAwMDAwLCJkZWxldGUiOjE4MDAwMDAwMDAwMDAsInJlYWQiOjMwMDAwMDAwMDAwMCwidXBkYXRlIjoxODAwMDAwMDAwMDAwfSwic2NoZW1hX3ZlcnNpb24iOiIyIn0=",
          "dependencies": [
            "azurerm_storage_account.storeacc",
            "data.azurerm_resource_group.main",
            "module.user_managed_identity.azurerm_role_assignment.role_asn",
            "module.user_managed_identity.azurerm_user_assigned_identity.mgd_id",
            "module.user_managed_identity.data.azurerm_client_config.current",
            "module.user_managed_identity.data.azurerm_resource_group.main",
            "module.user_managed_identity.data.azurerm_subscription.current",
            "random_string.unique"
          ]
        },
        {
          "index_key": 2,
          "schema_version": 2,
          "attributes": {
            "acl": [],
            "id": "https://sristracccskhjw.table.core.windows.net/Tables('table3')",
            "name": "table3",
            "storage_account_name": "sristracccskhjw",
            "timeouts": null
          },
          "sensitive_attributes": [],
          "private": "eyJlMmJmYjczMC1lY2FhLTExZTYtOGY4OC0zNDM2M2JjN2M0YzAiOnsiY3JlYXRlIjoxODAwMDAwMDAwMDAwLCJkZWxldGUiOjE4MDAwMDAwMDAwMDAsInJlYWQiOjMwMDAwMDAwMDAwMCwidXBkYXRlIjoxODAwMDAwMDAwMDAwfSwic2NoZW1hX3ZlcnNpb24iOiIyIn0=",
          "dependencies": [
            "azurerm_storage_account.storeacc",
            "data.azurerm_resource_group.main",
            "module.user_managed_identity.azurerm_role_assignment.role_asn",
            "module.user_managed_identity.azurerm_user_assigned_identity.mgd_id",
            "module.user_managed_identity.data.azurerm_client_config.current",
            "module.user_managed_identity.data.azurerm_resource_group.main",
            "module.user_managed_identity.data.azurerm_subscription.current",
            "random_string.unique"
          ]
        }
      ]
    },
    {
      "mode": "managed",
      "type": "random_string",
      "name": "unique",
      "provider": "provider[\"registry.terraform.io/hashicorp/random\"]",
      "instances": [
        {
          "schema_version": 2,
          "attributes": {
            "id": "cskhjw",
            "keepers": null,
            "length": 6,
            "lower": true,
            "min_lower": 0,
            "min_numeric": 0,
            "min_special": 0,
            "min_upper": 0,
            "number": true,
            "numeric": true,
            "override_special": null,
            "result": "cskhjw",
            "special": false,
            "upper": false
          },
          "sensitive_attributes": []
        }
      ]
    },
    {
      "module": "module.user_managed_identity",
      "mode": "data",
      "type": "azurerm_client_config",
      "name": "current",
      "provider": "module.user_managed_identity.provider[\"registry.terraform.io/hashicorp/azurerm\"]",
      "instances": [
        {
          "schema_version": 0,
          "attributes": {
            "client_id": "7f2606ff-5a2c-4321-af56-8a2e2c5f5a8e",
            "id": "Y2xpZW50Q29uZmlncy9jbGllbnRJZD03ZjI2MDZmZi01YTJjLTQzMjEtYWY1Ni04YTJlMmM1ZjVhOGU7b2JqZWN0SWQ9NDY5ZTAyODQtZThhMi00ZDExLWI4ZDItNjc4NjU4NTkxODVmO3N1YnNjcmlwdGlvbklkPTU0OWU5MGE2LTQwY2EtNGM3Ni04YWE4LThmNmVhMmEyODdmNDt0ZW5hbnRJZD00ZmU3YzQ1ZC1jOTJjLTQyNjMtOGI0OC0zNzg5YzM5NjM2NTM=",
            "object_id": "469e0284-e8a2-4d11-b8d2-67865859185f",
            "subscription_id": "549e90a6-40ca-4c76-8aa8-8f6ea2a287f4",
            "tenant_id": "4fe7c45d-c92c-4263-8b48-3789c3963653",
            "timeouts": null
          },
          "sensitive_attributes": []
        }
      ]
    },
    {
      "module": "module.user_managed_identity",
      "mode": "data",
      "type": "azurerm_resource_group",
      "name": "main",
      "provider": "module.user_managed_identity.provider[\"registry.terraform.io/hashicorp/azurerm\"]",
      "instances": [
        {
          "schema_version": 0,
          "attributes": {
            "id": "/subscriptions/549e90a6-40ca-4c76-8aa8-8f6ea2a287f4/resourceGroups/sri",
            "location": "centralindia",
            "managed_by": "",
            "name": "sri",
            "tags": {},
            "timeouts": null
          },
          "sensitive_attributes": []
        }
      ]
    },
    {
      "module": "module.user_managed_identity",
      "mode": "data",
      "type": "azurerm_subscription",
      "name": "current",
      "provider": "module.user_managed_identity.provider[\"registry.terraform.io/hashicorp/azurerm\"]",
      "instances": [
        {
          "schema_version": 0,
          "attributes": {
            "display_name": "SriSri",
            "id": "/subscriptions/549e90a6-40ca-4c76-8aa8-8f6ea2a287f4",
            "location_placement_id": "PublicAndIndia_2015-09-01",
            "quota_id": "PayAsYouGo_2014-09-01",
            "spending_limit": "Off",
            "state": "Enabled",
            "subscription_id": "549e90a6-40ca-4c76-8aa8-8f6ea2a287f4",
            "tags": {
              "CreatedBy": "Sagar",
              "department": "Training"
            },
            "tenant_id": "4fe7c45d-c92c-4263-8b48-3789c3963653",
            "timeouts": null
          },
          "sensitive_attributes": []
        }
      ]
    },
    {
      "module": "module.user_managed_identity",
      "mode": "managed",
      "type": "azurerm_role_assignment",
      "name": "role_asn",
      "provider": "module.user_managed_identity.provider[\"registry.terraform.io/hashicorp/azurerm\"]",
      "instances": [
        {
          "index_key": 0,
          "schema_version": 0,
          "attributes": {
            "condition": "",
            "condition_version": "",
            "delegated_managed_identity_resource_id": "",
            "description": "",
            "id": "/subscriptions/549e90a6-40ca-4c76-8aa8-8f6ea2a287f4/providers/Microsoft.Authorization/roleAssignments/d38a2f8c-4e36-7816-ae08-4bbaa7965673",
            "name": "d38a2f8c-4e36-7816-ae08-4bbaa7965673",
            "principal_id": "25105df4-b4ed-4255-9735-941ca6a1c56d",
            "principal_type": "ServicePrincipal",
            "role_definition_id": "/subscriptions/549e90a6-40ca-4c76-8aa8-8f6ea2a287f4/providers/Microsoft.Authorization/roleDefinitions/b24988ac-6180-42a0-ab88-20f7382dd24c",
            "role_definition_name": "Contributor",
            "scope": "/subscriptions/549e90a6-40ca-4c76-8aa8-8f6ea2a287f4",
            "skip_service_principal_aad_check": null,
            "timeouts": null
          },
          "sensitive_attributes": [],
          "private": "eyJlMmJmYjczMC1lY2FhLTExZTYtOGY4OC0zNDM2M2JjN2M0YzAiOnsiY3JlYXRlIjoxODAwMDAwMDAwMDAwLCJkZWxldGUiOjE4MDAwMDAwMDAwMDAsInJlYWQiOjMwMDAwMDAwMDAwMH19",
          "dependencies": [
            "module.user_managed_identity.azurerm_user_assigned_identity.mgd_id",
            "module.user_managed_identity.data.azurerm_resource_group.main",
            "module.user_managed_identity.data.azurerm_subscription.current"
          ]
        }
      ]
    },
    {
      "module": "module.user_managed_identity",
      "mode": "managed",
      "type": "azurerm_user_assigned_identity",
      "name": "mgd_id",
      "provider": "module.user_managed_identity.provider[\"registry.terraform.io/hashicorp/azurerm\"]",
      "instances": [
        {
          "index_key": 0,
          "schema_version": 1,
          "attributes": {
            "client_id": "a721407e-f163-4283-aed8-d3e97cd62955",
            "id": "/subscriptions/549e90a6-40ca-4c76-8aa8-8f6ea2a287f4/resourceGroups/sri/providers/Microsoft.ManagedIdentity/userAssignedIdentities/sri-test-msi",
            "location": "centralindia",
            "name": "sri-test-msi",
            "principal_id": "25105df4-b4ed-4255-9735-941ca6a1c56d",
            "resource_group_name": "sri",
            "tags": {
              "source": "Terraform"
            },
            "tenant_id": "4fe7c45d-c92c-4263-8b48-3789c3963653",
            "timeouts": null
          },
          "sensitive_attributes": [],
          "private": "eyJlMmJmYjczMC1lY2FhLTExZTYtOGY4OC0zNDM2M2JjN2M0YzAiOnsiY3JlYXRlIjoxODAwMDAwMDAwMDAwLCJkZWxldGUiOjE4MDAwMDAwMDAwMDAsInJlYWQiOjMwMDAwMDAwMDAwMCwidXBkYXRlIjoxODAwMDAwMDAwMDAwfSwic2NoZW1hX3ZlcnNpb24iOiIxIn0=",
          "dependencies": [
            "module.user_managed_identity.data.azurerm_resource_group.main"
          ]
        }
      ]
    }
  ],
  "check_results": null
}
