{
  "version": 4,
  "terraform_version": "1.8.2",
  "serial": 136,
  "lineage": "65882066-d662-25b8-cc27-6ddc3b6d1d67",
  "outputs": {},
  "resources": [
    {
      "module": "module.ProjectX",
      "mode": "data",
      "type": "azurerm_resource_group",
      "name": "main",
      "provider": "provider[\"registry.terraform.io/hashicorp/azurerm\"]",
      "instances": [
        {
          "schema_version": 0,
          "attributes": {
            "id": "/subscriptions/549e90a6-40ca-4c76-8aa8-8f6ea2a287f4/resourceGroups/sri",
            "location": "centralindia",
            "managed_by": "",
            "name": "sri",
            "tags": {},
            "timeouts": null
          },
          "sensitive_attributes": []
        }
      ]
    },
    {
      "module": "module.ProjectX",
      "mode": "managed",
      "type": "azurerm_linux_virtual_machine",
      "name": "vm",
      "provider": "provider[\"registry.terraform.io/hashicorp/azurerm\"]",
      "instances": [
        {
          "index_key": 0,
          "schema_version": 0,
          "attributes": {
            "additional_capabilities": [],
            "admin_password": null,
            "admin_ssh_key": [
              {
                "public_key": "ssh-rsa AAAAB3NzaC1yc2EAAAADAQABAAABgQDIBd18WYqKo+Pu8Ybol7LYUs+U7Dfsddpm0WbmdGoa2hbOeyh+IlR7jvQ0Vv7LQvobRW3KicbUDPfh0Uo3BVb5dnAd1VjXQsRswI4jUl4sRbxkiGEKClAfOoVEKqT8SItwugis0cMG4EkRDmCpEBWCYfzeCILpCGIo+uX8GLTBKuCEIOhC0x6nQTulJD1xjjmvVlwN9nfk6zfGjGsu15yGQF29OHbSMkJIzeKhJllIphDH0PcFfI+EAAYUfrymBNvyAkEM/HeQASB9osZ5FdSfLayAYYnwNAjctQS1RjgoA7gcaH+b2xgLOJ8J122Mu5VGblR1JOXsEIlo4iYRgTmEy1XwTHfGK43pWEMBzzLdyoVjTWrcP/8LJeT3e+kXoQNbqSLnZFVEA6nJP9zEQIR+ZJI/F38sCX/wEBvYrWG/7lQql7jS53U+NGM7nV4IxWQaVryZEs/bsBVl59DQmShWJHKsD4Dc+5yRpZhwZsAfDoww34DGddc6HsQXxxkDiT0= User@Sagar\n",
                "username": "linuxadmin"
              }
            ],
            "admin_username": "linuxadmin",
            "allow_extension_operations": true,
            "availability_set_id": "",
            "boot_diagnostics": [],
            "bypass_platform_safety_checks_on_user_schedule_enabled": false,
            "capacity_reservation_group_id": "",
            "computer_name": "linuxcomputevm-1",
            "custom_data": "IyEvYmluL2Jhc2gKZWNobyAiaGkgc2NyaXB0IGlzIGV4ZWN1dGVkIgpjZCAvCm1rZGlyIHRlc3RkaXI=",
            "dedicated_host_group_id": "",
            "dedicated_host_id": "",
            "disable_password_authentication": true,
            "disk_controller_type": "",
            "edge_zone": "",
            "encryption_at_host_enabled": false,
            "eviction_policy": "",
            "extensions_time_budget": "PT1H30M",
            "gallery_application": [],
            "id": "/subscriptions/549e90a6-40ca-4c76-8aa8-8f6ea2a287f4/resourceGroups/sri/providers/Microsoft.Compute/virtualMachines/linuxcomputevm-1",
            "identity": [],
            "license_type": "",
            "location": "centralindia",
            "max_bid_price": -1,
            "name": "linuxcomputevm-1",
            "network_interface_ids": [
              "/subscriptions/549e90a6-40ca-4c76-8aa8-8f6ea2a287f4/resourceGroups/sri/providers/Microsoft.Network/networkInterfaces/sri-vm-nic-1"
            ],
            "os_disk": [
              {
                "caching": "ReadWrite",
                "diff_disk_settings": [],
                "disk_encryption_set_id": "",
                "disk_size_gb": 32,
                "name": "linuxcomputevm-osdisk-1",
                "secure_vm_disk_encryption_set_id": "",
                "security_encryption_type": "",
                "storage_account_type": "Standard_LRS",
                "write_accelerator_enabled": false
              }
            ],
            "os_image_notification": [],
            "patch_assessment_mode": "ImageDefault",
            "patch_mode": "ImageDefault",
            "plan": [],
            "platform_fault_domain": -1,
            "priority": "Regular",
            "private_ip_address": "10.1.1.4",
            "private_ip_addresses": [
              "10.1.1.4"
            ],
            "provision_vm_agent": true,
            "proximity_placement_group_id": "",
            "public_ip_address": "52.140.64.43",
            "public_ip_addresses": [
              "52.140.64.43"
            ],
            "reboot_setting": "",
            "resource_group_name": "sri",
            "secret": [],
            "secure_boot_enabled": false,
            "size": "Standard_B2s",
            "source_image_id": "",
            "source_image_reference": [
              {
                "offer": "UbuntuServer",
                "publisher": "Canonical",
                "sku": "16.04-LTS",
                "version": "latest"
              }
            ],
            "tags": {
              "source": "Terraform"
            },
            "termination_notification": [],
            "timeouts": null,
            "user_data": "",
            "virtual_machine_id": "99e818d4-8de8-45d0-b354-88f2401d1da7",
            "virtual_machine_scale_set_id": "",
            "vm_agent_platform_updates_enabled": false,
            "vtpm_enabled": false,
            "zone": ""
          },
          "sensitive_attributes": [
            [
              {
                "type": "get_attr",
                "value": "admin_password"
              }
            ],
            [
              {
                "type": "get_attr",
                "value": "custom_data"
              }
            ]
          ],
          "private": "eyJlMmJmYjczMC1lY2FhLTExZTYtOGY4OC0zNDM2M2JjN2M0YzAiOnsiY3JlYXRlIjoyNzAwMDAwMDAwMDAwLCJkZWxldGUiOjI3MDAwMDAwMDAwMDAsInJlYWQiOjMwMDAwMDAwMDAwMCwidXBkYXRlIjoyNzAwMDAwMDAwMDAwfX0=",
          "dependencies": [
            "module.ProjectX.azurerm_network_interface.nic",
            "module.ProjectX.azurerm_public_ip.pip",
            "module.ProjectX.data.azurerm_resource_group.main",
            "module.ProjectX.module.vnet.azurerm_subnet.SUBNET1",
            "module.ProjectX.module.vnet.azurerm_virtual_network.VNET",
            "module.ProjectX.module.vnet.data.azurerm_resource_group.main"
          ]
        },
        {
          "index_key": 1,
          "schema_version": 0,
          "attributes": {
            "additional_capabilities": [],
            "admin_password": null,
            "admin_ssh_key": [
              {
                "public_key": "ssh-rsa AAAAB3NzaC1yc2EAAAADAQABAAABgQDIBd18WYqKo+Pu8Ybol7LYUs+U7Dfsddpm0WbmdGoa2hbOeyh+IlR7jvQ0Vv7LQvobRW3KicbUDPfh0Uo3BVb5dnAd1VjXQsRswI4jUl4sRbxkiGEKClAfOoVEKqT8SItwugis0cMG4EkRDmCpEBWCYfzeCILpCGIo+uX8GLTBKuCEIOhC0x6nQTulJD1xjjmvVlwN9nfk6zfGjGsu15yGQF29OHbSMkJIzeKhJllIphDH0PcFfI+EAAYUfrymBNvyAkEM/HeQASB9osZ5FdSfLayAYYnwNAjctQS1RjgoA7gcaH+b2xgLOJ8J122Mu5VGblR1JOXsEIlo4iYRgTmEy1XwTHfGK43pWEMBzzLdyoVjTWrcP/8LJeT3e+kXoQNbqSLnZFVEA6nJP9zEQIR+ZJI/F38sCX/wEBvYrWG/7lQql7jS53U+NGM7nV4IxWQaVryZEs/bsBVl59DQmShWJHKsD4Dc+5yRpZhwZsAfDoww34DGddc6HsQXxxkDiT0= User@Sagar\n",
                "username": "linuxadmin"
              }
            ],
            "admin_username": "linuxadmin",
            "allow_extension_operations": true,
            "availability_set_id": "",
            "boot_diagnostics": [],
            "bypass_platform_safety_checks_on_user_schedule_enabled": false,
            "capacity_reservation_group_id": "",
            "computer_name": "linuxcomputevm-2",
            "custom_data": "IyEvYmluL2Jhc2gKZWNobyAiaGkgc2NyaXB0IGlzIGV4ZWN1dGVkIgpjZCAvCm1rZGlyIHRlc3RkaXI=",
            "dedicated_host_group_id": "",
            "dedicated_host_id": "",
            "disable_password_authentication": true,
            "disk_controller_type": "",
            "edge_zone": "",
            "encryption_at_host_enabled": false,
            "eviction_policy": "",
            "extensions_time_budget": "PT1H30M",
            "gallery_application": [],
            "id": "/subscriptions/549e90a6-40ca-4c76-8aa8-8f6ea2a287f4/resourceGroups/sri/providers/Microsoft.Compute/virtualMachines/linuxcomputevm-2",
            "identity": [],
            "license_type": "",
            "location": "centralindia",
            "max_bid_price": -1,
            "name": "linuxcomputevm-2",
            "network_interface_ids": [
              "/subscriptions/549e90a6-40ca-4c76-8aa8-8f6ea2a287f4/resourceGroups/sri/providers/Microsoft.Network/networkInterfaces/sri-vm-nic-2"
            ],
            "os_disk": [
              {
                "caching": "ReadWrite",
                "diff_disk_settings": [],
                "disk_encryption_set_id": "",
                "disk_size_gb": 32,
                "name": "linuxcomputevm-osdisk-2",
                "secure_vm_disk_encryption_set_id": "",
                "security_encryption_type": "",
                "storage_account_type": "Standard_LRS",
                "write_accelerator_enabled": false
              }
            ],
            "os_image_notification": [],
            "patch_assessment_mode": "ImageDefault",
            "patch_mode": "ImageDefault",
            "plan": [],
            "platform_fault_domain": -1,
            "priority": "Regular",
            "private_ip_address": "10.1.1.5",
            "private_ip_addresses": [
              "10.1.1.5"
            ],
            "provision_vm_agent": true,
            "proximity_placement_group_id": "",
            "public_ip_address": "52.172.208.69",
            "public_ip_addresses": [
              "52.172.208.69"
            ],
            "reboot_setting": "",
            "resource_group_name": "sri",
            "secret": [],
            "secure_boot_enabled": false,
            "size": "Standard_B2s",
            "source_image_id": "",
            "source_image_reference": [
              {
                "offer": "UbuntuServer",
                "publisher": "Canonical",
                "sku": "16.04-LTS",
                "version": "latest"
              }
            ],
            "tags": {
              "source": "Terraform"
            },
            "termination_notification": [],
            "timeouts": null,
            "user_data": "",
            "virtual_machine_id": "1b60b8ac-fd7f-401e-8557-fbd2b4703d46",
            "virtual_machine_scale_set_id": "",
            "vm_agent_platform_updates_enabled": false,
            "vtpm_enabled": false,
            "zone": ""
          },
          "sensitive_attributes": [
            [
              {
                "type": "get_attr",
                "value": "custom_data"
              }
            ],
            [
              {
                "type": "get_attr",
                "value": "admin_password"
              }
            ]
          ],
          "private": "eyJlMmJmYjczMC1lY2FhLTExZTYtOGY4OC0zNDM2M2JjN2M0YzAiOnsiY3JlYXRlIjoyNzAwMDAwMDAwMDAwLCJkZWxldGUiOjI3MDAwMDAwMDAwMDAsInJlYWQiOjMwMDAwMDAwMDAwMCwidXBkYXRlIjoyNzAwMDAwMDAwMDAwfX0=",
          "dependencies": [
            "module.ProjectX.azurerm_network_interface.nic",
            "module.ProjectX.azurerm_public_ip.pip",
            "module.ProjectX.data.azurerm_resource_group.main",
            "module.ProjectX.module.vnet.azurerm_subnet.SUBNET1",
            "module.ProjectX.module.vnet.azurerm_virtual_network.VNET",
            "module.ProjectX.module.vnet.data.azurerm_resource_group.main"
          ]
        }
      ]
    },
    {
      "module": "module.ProjectX",
      "mode": "managed",
      "type": "azurerm_network_interface",
      "name": "nic",
      "provider": "provider[\"registry.terraform.io/hashicorp/azurerm\"]",
      "instances": [
        {
          "index_key": 0,
          "schema_version": 0,
          "attributes": {
            "applied_dns_servers": [],
            "auxiliary_mode": "",
            "auxiliary_sku": "",
            "dns_servers": [],
            "edge_zone": "",
            "enable_accelerated_networking": false,
            "enable_ip_forwarding": false,
            "id": "/subscriptions/549e90a6-40ca-4c76-8aa8-8f6ea2a287f4/resourceGroups/sri/providers/Microsoft.Network/networkInterfaces/sri-vm-nic-1",
            "internal_dns_name_label": "",
            "internal_domain_name_suffix": "xh5bv3ygi0gehpo50mmbmhpzne.rx.internal.cloudapp.net",
            "ip_configuration": [
              {
                "gateway_load_balancer_frontend_ip_configuration_id": "",
                "name": "sri-vm-nic-1-ip",
                "primary": true,
                "private_ip_address": "10.1.1.4",
                "private_ip_address_allocation": "Dynamic",
                "private_ip_address_version": "IPv4",
                "public_ip_address_id": "/subscriptions/549e90a6-40ca-4c76-8aa8-8f6ea2a287f4/resourceGroups/sri/providers/Microsoft.Network/publicIPAddresses/sri-vm-pip-1",
                "subnet_id": "/subscriptions/549e90a6-40ca-4c76-8aa8-8f6ea2a287f4/resourceGroups/sri/providers/Microsoft.Network/virtualNetworks/sri-vnet/subnets/sri-vnet-subnet"
              }
            ],
            "location": "centralindia",
            "mac_address": "60-45-BD-A5-A7-AA",
            "name": "sri-vm-nic-1",
            "private_ip_address": "10.1.1.4",
            "private_ip_addresses": [
              "10.1.1.4"
            ],
            "resource_group_name": "sri",
            "tags": {
              "source": "Terraform"
            },
            "timeouts": null,
            "virtual_machine_id": "/subscriptions/549e90a6-40ca-4c76-8aa8-8f6ea2a287f4/resourceGroups/sri/providers/Microsoft.Compute/virtualMachines/linuxcomputevm-1"
          },
          "sensitive_attributes": [],
          "private": "eyJlMmJmYjczMC1lY2FhLTExZTYtOGY4OC0zNDM2M2JjN2M0YzAiOnsiY3JlYXRlIjoxODAwMDAwMDAwMDAwLCJkZWxldGUiOjE4MDAwMDAwMDAwMDAsInJlYWQiOjMwMDAwMDAwMDAwMCwidXBkYXRlIjoxODAwMDAwMDAwMDAwfX0=",
          "dependencies": [
            "module.ProjectX.azurerm_public_ip.pip",
            "module.ProjectX.data.azurerm_resource_group.main",
            "module.ProjectX.module.vnet.azurerm_subnet.SUBNET1",
            "module.ProjectX.module.vnet.azurerm_virtual_network.VNET",
            "module.ProjectX.module.vnet.data.azurerm_resource_group.main"
          ]
        },
        {
          "index_key": 1,
          "schema_version": 0,
          "attributes": {
            "applied_dns_servers": [],
            "auxiliary_mode": "",
            "auxiliary_sku": "",
            "dns_servers": [],
            "edge_zone": "",
            "enable_accelerated_networking": false,
            "enable_ip_forwarding": false,
            "id": "/subscriptions/549e90a6-40ca-4c76-8aa8-8f6ea2a287f4/resourceGroups/sri/providers/Microsoft.Network/networkInterfaces/sri-vm-nic-2",
            "internal_dns_name_label": "",
            "internal_domain_name_suffix": "xh5bv3ygi0gehpo50mmbmhpzne.rx.internal.cloudapp.net",
            "ip_configuration": [
              {
                "gateway_load_balancer_frontend_ip_configuration_id": "",
                "name": "sri-vm-nic-2-ip",
                "primary": true,
                "private_ip_address": "10.1.1.5",
                "private_ip_address_allocation": "Dynamic",
                "private_ip_address_version": "IPv4",
                "public_ip_address_id": "/subscriptions/549e90a6-40ca-4c76-8aa8-8f6ea2a287f4/resourceGroups/sri/providers/Microsoft.Network/publicIPAddresses/sri-vm-pip-2",
                "subnet_id": "/subscriptions/549e90a6-40ca-4c76-8aa8-8f6ea2a287f4/resourceGroups/sri/providers/Microsoft.Network/virtualNetworks/sri-vnet/subnets/sri-vnet-subnet"
              }
            ],
            "location": "centralindia",
            "mac_address": "60-45-BD-AD-67-FB",
            "name": "sri-vm-nic-2",
            "private_ip_address": "10.1.1.5",
            "private_ip_addresses": [
              "10.1.1.5"
            ],
            "resource_group_name": "sri",
            "tags": {
              "source": "Terraform"
            },
            "timeouts": null,
            "virtual_machine_id": "/subscriptions/549e90a6-40ca-4c76-8aa8-8f6ea2a287f4/resourceGroups/sri/providers/Microsoft.Compute/virtualMachines/linuxcomputevm-2"
          },
          "sensitive_attributes": [],
          "private": "eyJlMmJmYjczMC1lY2FhLTExZTYtOGY4OC0zNDM2M2JjN2M0YzAiOnsiY3JlYXRlIjoxODAwMDAwMDAwMDAwLCJkZWxldGUiOjE4MDAwMDAwMDAwMDAsInJlYWQiOjMwMDAwMDAwMDAwMCwidXBkYXRlIjoxODAwMDAwMDAwMDAwfX0=",
          "dependencies": [
            "module.ProjectX.azurerm_public_ip.pip",
            "module.ProjectX.data.azurerm_resource_group.main",
            "module.ProjectX.module.vnet.azurerm_subnet.SUBNET1",
            "module.ProjectX.module.vnet.azurerm_virtual_network.VNET",
            "module.ProjectX.module.vnet.data.azurerm_resource_group.main"
          ]
        }
      ]
    },
    {
      "module": "module.ProjectX",
      "mode": "managed",
      "type": "azurerm_private_dns_a_record",
      "name": "dns_record",
      "provider": "provider[\"registry.terraform.io/hashicorp/azurerm\"]",
      "instances": [
        {
          "index_key": 0,
          "schema_version": 0,
          "attributes": {
            "fqdn": "linuxcomputevm-1.internal.com.",
            "id": "/subscriptions/549e90a6-40ca-4c76-8aa8-8f6ea2a287f4/resourceGroups/sri/providers/Microsoft.Network/privateDnsZones/Internal.com/A/linuxcomputevm-1",
            "name": "linuxcomputevm-1",
            "records": [
              "10.1.1.4"
            ],
            "resource_group_name": "sri",
            "tags": {},
            "timeouts": null,
            "ttl": 300,
            "zone_name": "Internal.com"
          },
          "sensitive_attributes": [],
          "private": "eyJlMmJmYjczMC1lY2FhLTExZTYtOGY4OC0zNDM2M2JjN2M0YzAiOnsiY3JlYXRlIjoxODAwMDAwMDAwMDAwLCJkZWxldGUiOjE4MDAwMDAwMDAwMDAsInJlYWQiOjMwMDAwMDAwMDAwMCwidXBkYXRlIjoxODAwMDAwMDAwMDAwfX0=",
          "dependencies": [
            "module.ProjectX.azurerm_linux_virtual_machine.vm",
            "module.ProjectX.azurerm_network_interface.nic",
            "module.ProjectX.azurerm_public_ip.pip",
            "module.ProjectX.data.azurerm_resource_group.main",
            "module.ProjectX.module.pr_dns_zn.azurerm_private_dns_zone.private_dns_zone",
            "module.ProjectX.module.pr_dns_zn.data.azurerm_resource_group.main",
            "module.ProjectX.module.vnet.azurerm_subnet.SUBNET1",
            "module.ProjectX.module.vnet.azurerm_virtual_network.VNET",
            "module.ProjectX.module.vnet.data.azurerm_resource_group.main"
          ]
        },
        {
          "index_key": 1,
          "schema_version": 0,
          "attributes": {
            "fqdn": "linuxcomputevm-2.internal.com.",
            "id": "/subscriptions/549e90a6-40ca-4c76-8aa8-8f6ea2a287f4/resourceGroups/sri/providers/Microsoft.Network/privateDnsZones/Internal.com/A/linuxcomputevm-2",
            "name": "linuxcomputevm-2",
            "records": [
              "10.1.1.5"
            ],
            "resource_group_name": "sri",
            "tags": {},
            "timeouts": null,
            "ttl": 300,
            "zone_name": "Internal.com"
          },
          "sensitive_attributes": [],
          "private": "eyJlMmJmYjczMC1lY2FhLTExZTYtOGY4OC0zNDM2M2JjN2M0YzAiOnsiY3JlYXRlIjoxODAwMDAwMDAwMDAwLCJkZWxldGUiOjE4MDAwMDAwMDAwMDAsInJlYWQiOjMwMDAwMDAwMDAwMCwidXBkYXRlIjoxODAwMDAwMDAwMDAwfX0=",
          "dependencies": [
            "module.ProjectX.azurerm_linux_virtual_machine.vm",
            "module.ProjectX.azurerm_network_interface.nic",
            "module.ProjectX.azurerm_public_ip.pip",
            "module.ProjectX.data.azurerm_resource_group.main",
            "module.ProjectX.module.pr_dns_zn.azurerm_private_dns_zone.private_dns_zone",
            "module.ProjectX.module.pr_dns_zn.data.azurerm_resource_group.main",
            "module.ProjectX.module.vnet.azurerm_subnet.SUBNET1",
            "module.ProjectX.module.vnet.azurerm_virtual_network.VNET",
            "module.ProjectX.module.vnet.data.azurerm_resource_group.main"
          ]
        }
      ]
    },
    {
      "module": "module.ProjectX",
      "mode": "managed",
      "type": "azurerm_public_ip",
      "name": "pip",
      "provider": "provider[\"registry.terraform.io/hashicorp/azurerm\"]",
      "instances": [
        {
          "index_key": 0,
          "schema_version": 0,
          "attributes": {
            "allocation_method": "Static",
            "ddos_protection_mode": "VirtualNetworkInherited",
            "ddos_protection_plan_id": null,
            "domain_name_label": null,
            "edge_zone": "",
            "fqdn": null,
            "id": "/subscriptions/549e90a6-40ca-4c76-8aa8-8f6ea2a287f4/resourceGroups/sri/providers/Microsoft.Network/publicIPAddresses/sri-vm-pip-1",
            "idle_timeout_in_minutes": 4,
            "ip_address": "52.140.64.43",
            "ip_tags": {},
            "ip_version": "IPv4",
            "location": "centralindia",
            "name": "sri-vm-pip-1",
            "public_ip_prefix_id": null,
            "resource_group_name": "sri",
            "reverse_fqdn": null,
            "sku": "Basic",
            "sku_tier": "Regional",
            "tags": {},
            "timeouts": null,
            "zones": []
          },
          "sensitive_attributes": [],
          "private": "eyJlMmJmYjczMC1lY2FhLTExZTYtOGY4OC0zNDM2M2JjN2M0YzAiOnsiY3JlYXRlIjoxODAwMDAwMDAwMDAwLCJkZWxldGUiOjE4MDAwMDAwMDAwMDAsInJlYWQiOjMwMDAwMDAwMDAwMCwidXBkYXRlIjoxODAwMDAwMDAwMDAwfX0=",
          "dependencies": [
            "module.ProjectX.data.azurerm_resource_group.main"
          ]
        },
        {
          "index_key": 1,
          "schema_version": 0,
          "attributes": {
            "allocation_method": "Static",
            "ddos_protection_mode": "VirtualNetworkInherited",
            "ddos_protection_plan_id": null,
            "domain_name_label": null,
            "edge_zone": "",
            "fqdn": null,
            "id": "/subscriptions/549e90a6-40ca-4c76-8aa8-8f6ea2a287f4/resourceGroups/sri/providers/Microsoft.Network/publicIPAddresses/sri-vm-pip-2",
            "idle_timeout_in_minutes": 4,
            "ip_address": "52.172.208.69",
            "ip_tags": {},
            "ip_version": "IPv4",
            "location": "centralindia",
            "name": "sri-vm-pip-2",
            "public_ip_prefix_id": null,
            "resource_group_name": "sri",
            "reverse_fqdn": null,
            "sku": "Basic",
            "sku_tier": "Regional",
            "tags": {},
            "timeouts": null,
            "zones": []
          },
          "sensitive_attributes": [],
          "private": "eyJlMmJmYjczMC1lY2FhLTExZTYtOGY4OC0zNDM2M2JjN2M0YzAiOnsiY3JlYXRlIjoxODAwMDAwMDAwMDAwLCJkZWxldGUiOjE4MDAwMDAwMDAwMDAsInJlYWQiOjMwMDAwMDAwMDAwMCwidXBkYXRlIjoxODAwMDAwMDAwMDAwfX0=",
          "dependencies": [
            "module.ProjectX.data.azurerm_resource_group.main"
          ]
        }
      ]
    },
    {
      "module": "module.ProjectX.module.lb",
      "mode": "data",
      "type": "azurerm_resource_group",
      "name": "main",
      "provider": "provider[\"registry.terraform.io/hashicorp/azurerm\"]",
      "instances": [
        {
          "schema_version": 0,
          "attributes": {
            "id": "/subscriptions/549e90a6-40ca-4c76-8aa8-8f6ea2a287f4/resourceGroups/sri",
            "location": "centralindia",
            "managed_by": "",
            "name": "sri",
            "tags": {},
            "timeouts": null
          },
          "sensitive_attributes": []
        }
      ]
    },
    {
      "module": "module.ProjectX.module.pr_dns_zn",
      "mode": "data",
      "type": "azurerm_resource_group",
      "name": "main",
      "provider": "provider[\"registry.terraform.io/hashicorp/azurerm\"]",
      "instances": [
        {
          "schema_version": 0,
          "attributes": {
            "id": "/subscriptions/549e90a6-40ca-4c76-8aa8-8f6ea2a287f4/resourceGroups/sri",
            "location": "centralindia",
            "managed_by": "",
            "name": "sri",
            "tags": {},
            "timeouts": null
          },
          "sensitive_attributes": []
        }
      ]
    },
    {
      "module": "module.ProjectX.module.pr_dns_zn",
      "mode": "managed",
      "type": "azurerm_private_dns_zone",
      "name": "private_dns_zone",
      "provider": "provider[\"registry.terraform.io/hashicorp/azurerm\"]",
      "instances": [
        {
          "index_key": 0,
          "schema_version": 0,
          "attributes": {
            "id": "/subscriptions/549e90a6-40ca-4c76-8aa8-8f6ea2a287f4/resourceGroups/sri/providers/Microsoft.Network/privateDnsZones/Internal.com",
            "max_number_of_record_sets": 25000,
            "max_number_of_virtual_network_links": 1000,
            "max_number_of_virtual_network_links_with_registration": 100,
            "name": "Internal.com",
            "number_of_record_sets": 3,
            "resource_group_name": "sri",
            "soa_record": [
              {
                "email": "azureprivatedns-host.microsoft.com",
                "expire_time": 2419200,
                "fqdn": "internal.com.",
                "host_name": "azureprivatedns.net",
                "minimum_ttl": 10,
                "refresh_time": 3600,
                "retry_time": 300,
                "serial_number": 1,
                "tags": {},
                "ttl": 3600
              }
            ],
            "tags": {},
            "timeouts": null
          },
          "sensitive_attributes": [],
          "private": "eyJlMmJmYjczMC1lY2FhLTExZTYtOGY4OC0zNDM2M2JjN2M0YzAiOnsiY3JlYXRlIjoxODAwMDAwMDAwMDAwLCJkZWxldGUiOjE4MDAwMDAwMDAwMDAsInJlYWQiOjMwMDAwMDAwMDAwMCwidXBkYXRlIjoxODAwMDAwMDAwMDAwfX0=",
          "dependencies": [
            "module.ProjectX.azurerm_linux_virtual_machine.vm",
            "module.ProjectX.azurerm_network_interface.nic",
            "module.ProjectX.azurerm_public_ip.pip",
            "module.ProjectX.data.azurerm_resource_group.main",
            "module.ProjectX.module.pr_dns_zn.data.azurerm_resource_group.main",
            "module.ProjectX.module.vnet.azurerm_subnet.SUBNET1",
            "module.ProjectX.module.vnet.azurerm_virtual_network.VNET",
            "module.ProjectX.module.vnet.data.azurerm_resource_group.main"
          ]
        }
      ]
    },
    {
      "module": "module.ProjectX.module.pr_dns_zn",
      "mode": "managed",
      "type": "azurerm_private_dns_zone_virtual_network_link",
      "name": "private_dns_zone_vnet_associate",
      "provider": "provider[\"registry.terraform.io/hashicorp/azurerm\"]",
      "instances": [
        {
          "index_key": 0,
          "schema_version": 0,
          "attributes": {
            "id": "/subscriptions/549e90a6-40ca-4c76-8aa8-8f6ea2a287f4/resourceGroups/sri/providers/Microsoft.Network/privateDnsZones/Internal.com/virtualNetworkLinks/sri-pv-dns-asc",
            "name": "sri-pv-dns-asc",
            "private_dns_zone_name": "Internal.com",
            "registration_enabled": false,
            "resource_group_name": "sri",
            "tags": null,
            "timeouts": null,
            "virtual_network_id": "/subscriptions/549e90a6-40ca-4c76-8aa8-8f6ea2a287f4/resourceGroups/sri/providers/Microsoft.Network/virtualNetworks/sri-vnet"
          },
          "sensitive_attributes": [],
          "private": "eyJlMmJmYjczMC1lY2FhLTExZTYtOGY4OC0zNDM2M2JjN2M0YzAiOnsiY3JlYXRlIjoxODAwMDAwMDAwMDAwLCJkZWxldGUiOjE4MDAwMDAwMDAwMDAsInJlYWQiOjMwMDAwMDAwMDAwMCwidXBkYXRlIjoxODAwMDAwMDAwMDAwfX0=",
          "dependencies": [
            "module.ProjectX.azurerm_linux_virtual_machine.vm",
            "module.ProjectX.azurerm_network_interface.nic",
            "module.ProjectX.azurerm_public_ip.pip",
            "module.ProjectX.data.azurerm_resource_group.main",
            "module.ProjectX.module.pr_dns_zn.azurerm_private_dns_zone.private_dns_zone",
            "module.ProjectX.module.pr_dns_zn.data.azurerm_resource_group.main",
            "module.ProjectX.module.vnet.azurerm_subnet.SUBNET1",
            "module.ProjectX.module.vnet.azurerm_virtual_network.VNET",
            "module.ProjectX.module.vnet.data.azurerm_resource_group.main"
          ]
        }
      ]
    },
    {
      "module": "module.ProjectX.module.vnet",
      "mode": "data",
      "type": "azurerm_resource_group",
      "name": "main",
      "provider": "provider[\"registry.terraform.io/hashicorp/azurerm\"]",
      "instances": [
        {
          "schema_version": 0,
          "attributes": {
            "id": "/subscriptions/549e90a6-40ca-4c76-8aa8-8f6ea2a287f4/resourceGroups/sri",
            "location": "centralindia",
            "managed_by": "",
            "name": "sri",
            "tags": {},
            "timeouts": null
          },
          "sensitive_attributes": []
        }
      ]
    },
    {
      "module": "module.ProjectX.module.vnet",
      "mode": "managed",
      "type": "azurerm_network_security_group",
      "name": "NSG",
      "provider": "provider[\"registry.terraform.io/hashicorp/azurerm\"]",
      "instances": [
        {
          "schema_version": 0,
          "attributes": {
            "id": "/subscriptions/549e90a6-40ca-4c76-8aa8-8f6ea2a287f4/resourceGroups/sri/providers/Microsoft.Network/networkSecurityGroups/sri-vnet-nsg",
            "location": "centralindia",
            "name": "sri-vnet-nsg",
            "resource_group_name": "sri",
            "security_rule": [
              {
                "access": "Allow",
                "description": "",
                "destination_address_prefix": "*",
                "destination_address_prefixes": [],
                "destination_application_security_group_ids": [],
                "destination_port_range": "22",
                "destination_port_ranges": [],
                "direction": "Inbound",
                "name": "SSH",
                "priority": 1001,
                "protocol": "Tcp",
                "source_address_prefix": "*",
                "source_address_prefixes": [],
                "source_application_security_group_ids": [],
                "source_port_range": "*",
                "source_port_ranges": []
              }
            ],
            "tags": {},
            "timeouts": null
          },
          "sensitive_attributes": [],
          "private": "eyJlMmJmYjczMC1lY2FhLTExZTYtOGY4OC0zNDM2M2JjN2M0YzAiOnsiY3JlYXRlIjoxODAwMDAwMDAwMDAwLCJkZWxldGUiOjE4MDAwMDAwMDAwMDAsInJlYWQiOjMwMDAwMDAwMDAwMCwidXBkYXRlIjoxODAwMDAwMDAwMDAwfX0=",
          "dependencies": [
            "module.ProjectX.data.azurerm_resource_group.main",
            "module.ProjectX.module.vnet.data.azurerm_resource_group.main"
          ]
        }
      ]
    },
    {
      "module": "module.ProjectX.module.vnet",
      "mode": "managed",
      "type": "azurerm_subnet",
      "name": "SUBNET1",
      "provider": "provider[\"registry.terraform.io/hashicorp/azurerm\"]",
      "instances": [
        {
          "schema_version": 0,
          "attributes": {
            "address_prefixes": [
              "10.1.1.0/24"
            ],
            "delegation": [],
            "enforce_private_link_endpoint_network_policies": false,
            "enforce_private_link_service_network_policies": false,
            "id": "/subscriptions/549e90a6-40ca-4c76-8aa8-8f6ea2a287f4/resourceGroups/sri/providers/Microsoft.Network/virtualNetworks/sri-vnet/subnets/sri-vnet-subnet",
            "name": "sri-vnet-subnet",
            "private_endpoint_network_policies_enabled": true,
            "private_link_service_network_policies_enabled": true,
            "resource_group_name": "sri",
            "service_endpoint_policy_ids": [],
            "service_endpoints": [],
            "timeouts": null,
            "virtual_network_name": "sri-vnet"
          },
          "sensitive_attributes": [],
          "private": "eyJlMmJmYjczMC1lY2FhLTExZTYtOGY4OC0zNDM2M2JjN2M0YzAiOnsiY3JlYXRlIjoxODAwMDAwMDAwMDAwLCJkZWxldGUiOjE4MDAwMDAwMDAwMDAsInJlYWQiOjMwMDAwMDAwMDAwMCwidXBkYXRlIjoxODAwMDAwMDAwMDAwfX0=",
          "dependencies": [
            "module.ProjectX.data.azurerm_resource_group.main",
            "module.ProjectX.module.vnet.azurerm_virtual_network.VNET",
            "module.ProjectX.module.vnet.data.azurerm_resource_group.main"
          ]
        }
      ]
    },
    {
      "module": "module.ProjectX.module.vnet",
      "mode": "managed",
      "type": "azurerm_subnet_network_security_group_association",
      "name": "subnet_nsg_association",
      "provider": "provider[\"registry.terraform.io/hashicorp/azurerm\"]",
      "instances": [
        {
          "schema_version": 0,
          "attributes": {
            "id": "/subscriptions/549e90a6-40ca-4c76-8aa8-8f6ea2a287f4/resourceGroups/sri/providers/Microsoft.Network/virtualNetworks/sri-vnet/subnets/sri-vnet-subnet",
            "network_security_group_id": "/subscriptions/549e90a6-40ca-4c76-8aa8-8f6ea2a287f4/resourceGroups/sri/providers/Microsoft.Network/networkSecurityGroups/sri-vnet-nsg",
            "subnet_id": "/subscriptions/549e90a6-40ca-4c76-8aa8-8f6ea2a287f4/resourceGroups/sri/providers/Microsoft.Network/virtualNetworks/sri-vnet/subnets/sri-vnet-subnet",
            "timeouts": null
          },
          "sensitive_attributes": [],
          "private": "eyJlMmJmYjczMC1lY2FhLTExZTYtOGY4OC0zNDM2M2JjN2M0YzAiOnsiY3JlYXRlIjoxODAwMDAwMDAwMDAwLCJkZWxldGUiOjE4MDAwMDAwMDAwMDAsInJlYWQiOjMwMDAwMDAwMDAwMH19",
          "dependencies": [
            "module.ProjectX.data.azurerm_resource_group.main",
            "module.ProjectX.module.vnet.azurerm_network_security_group.NSG",
            "module.ProjectX.module.vnet.azurerm_subnet.SUBNET1",
            "module.ProjectX.module.vnet.azurerm_virtual_network.VNET",
            "module.ProjectX.module.vnet.data.azurerm_resource_group.main"
          ]
        }
      ]
    },
    {
      "module": "module.ProjectX.module.vnet",
      "mode": "managed",
      "type": "azurerm_virtual_network",
      "name": "VNET",
      "provider": "provider[\"registry.terraform.io/hashicorp/azurerm\"]",
      "instances": [
        {
          "schema_version": 0,
          "attributes": {
            "address_space": [
              "10.1.0.0/16"
            ],
            "bgp_community": "",
            "ddos_protection_plan": [],
            "dns_servers": [],
            "edge_zone": "",
            "encryption": [],
            "flow_timeout_in_minutes": 0,
            "guid": "f71afeb9-4606-438c-bddf-d318161df96c",
            "id": "/subscriptions/549e90a6-40ca-4c76-8aa8-8f6ea2a287f4/resourceGroups/sri/providers/Microsoft.Network/virtualNetworks/sri-vnet",
            "location": "centralindia",
            "name": "sri-vnet",
            "resource_group_name": "sri",
            "subnet": [
              {
                "address_prefix": "10.1.1.0/24",
                "id": "/subscriptions/549e90a6-40ca-4c76-8aa8-8f6ea2a287f4/resourceGroups/sri/providers/Microsoft.Network/virtualNetworks/sri-vnet/subnets/sri-vnet-subnet",
                "name": "sri-vnet-subnet",
                "security_group": "/subscriptions/549e90a6-40ca-4c76-8aa8-8f6ea2a287f4/resourceGroups/sri/providers/Microsoft.Network/networkSecurityGroups/sri-vnet-nsg"
              }
            ],
            "tags": {},
            "timeouts": null
          },
          "sensitive_attributes": [],
          "private": "eyJlMmJmYjczMC1lY2FhLTExZTYtOGY4OC0zNDM2M2JjN2M0YzAiOnsiY3JlYXRlIjoxODAwMDAwMDAwMDAwLCJkZWxldGUiOjE4MDAwMDAwMDAwMDAsInJlYWQiOjMwMDAwMDAwMDAwMCwidXBkYXRlIjoxODAwMDAwMDAwMDAwfX0=",
          "dependencies": [
            "module.ProjectX.data.azurerm_resource_group.main",
            "module.ProjectX.module.vnet.data.azurerm_resource_group.main"
          ]
        }
      ]
    }
  ],
  "check_results": null
}
